Microsoft Visual Studio Solution File, Format Version 12.00
# Visual Studio Version 16
VisualStudioVersion = 16.0.29519.181
MinimumVisualStudioVersion = 10.0.40219.1
Project("{6EC3EE1D-3C4E-46DD-8F32-0CC8E7565705}") = "BuildBabysitter", "BuildBabysitter\BuildBabysitter.fsproj", "{8AD66AFD-7C57-499F-B70A-65EFD61E0B78}"
EndProject
Project("{F2A71F9B-5D33-465A-A702-920D77279786}") = "BuildBabysitter.macOS", "BuildBabysitter.macOS\BuildBabysitter.macOS.fsproj", "{BB176A34-D0DB-4BFB-9A1D-EB8D6DE780E8}"
EndProject
Project("{FAE04EC0-301F-11D3-BF4B-00C04F79EFBC}") = "BuildBabysitter.UWP", "BuildBabysitter.UWP\BuildBabysitter.UWP.csproj", "{97BD09C8-E5A1-40D2-8CDE-08D0807B7EA4}"
EndProject
Project("{6EC3EE1D-3C4E-46DD-8F32-0CC8E7565705}") = "BuildBabysitter.Tests", "BuildBabysitter.Tests\BuildBabysitter.Tests.fsproj", "{66E598BF-A879-4F12-AC69-B82D576D487B}"
EndProject
Global
	GlobalSection(SolutionConfigurationPlatforms) = preSolution
		Ad-Hoc|Any CPU = Ad-Hoc|Any CPU
		Ad-Hoc|ARM = Ad-Hoc|ARM
		Ad-Hoc|ARM64 = Ad-Hoc|ARM64
		Ad-Hoc|iPhone = Ad-Hoc|iPhone
		Ad-Hoc|iPhoneSimulator = Ad-Hoc|iPhoneSimulator
		Ad-Hoc|x64 = Ad-Hoc|x64
		Ad-Hoc|x86 = Ad-Hoc|x86
		AppStore|Any CPU = AppStore|Any CPU
		AppStore|ARM = AppStore|ARM
		AppStore|ARM64 = AppStore|ARM64
		AppStore|iPhone = AppStore|iPhone
		AppStore|iPhoneSimulator = AppStore|iPhoneSimulator
		AppStore|x64 = AppStore|x64
		AppStore|x86 = AppStore|x86
		Debug|Any CPU = Debug|Any CPU
		Debug|ARM = Debug|ARM
		Debug|ARM64 = Debug|ARM64
		Debug|iPhone = Debug|iPhone
		Debug|iPhoneSimulator = Debug|iPhoneSimulator
		Debug|x64 = Debug|x64
		Debug|x86 = Debug|x86
		Release|Any CPU = Release|Any CPU
		Release|ARM = Release|ARM
		Release|ARM64 = Release|ARM64
		Release|iPhone = Release|iPhone
		Release|iPhoneSimulator = Release|iPhoneSimulator
		Release|x64 = Release|x64
		Release|x86 = Release|x86
	EndGlobalSection
	GlobalSection(ProjectConfigurationPlatforms) = postSolution
		{8AD66AFD-7C57-499F-B70A-65EFD61E0B78}.Ad-Hoc|Any CPU.ActiveCfg = Debug|Any CPU
		{8AD66AFD-7C57-499F-B70A-65EFD61E0B78}.Ad-Hoc|Any CPU.Build.0 = Debug|Any CPU
		{8AD66AFD-7C57-499F-B70A-65EFD61E0B78}.Ad-Hoc|ARM.ActiveCfg = Debug|Any CPU
		{8AD66AFD-7C57-499F-B70A-65EFD61E0B78}.Ad-Hoc|ARM.Build.0 = Debug|Any CPU
		{8AD66AFD-7C57-499F-B70A-65EFD61E0B78}.Ad-Hoc|ARM64.ActiveCfg = Release|Any CPU
		{8AD66AFD-7C57-499F-B70A-65EFD61E0B78}.Ad-Hoc|ARM64.Build.0 = Release|Any CPU
		{8AD66AFD-7C57-499F-B70A-65EFD61E0B78}.Ad-Hoc|iPhone.ActiveCfg = Debug|Any CPU
		{8AD66AFD-7C57-499F-B70A-65EFD61E0B78}.Ad-Hoc|iPhone.Build.0 = Debug|Any CPU
		{8AD66AFD-7C57-499F-B70A-65EFD61E0B78}.Ad-Hoc|iPhoneSimulator.ActiveCfg = Debug|Any CPU
		{8AD66AFD-7C57-499F-B70A-65EFD61E0B78}.Ad-Hoc|iPhoneSimulator.Build.0 = Debug|Any CPU
		{8AD66AFD-7C57-499F-B70A-65EFD61E0B78}.Ad-Hoc|x64.ActiveCfg = Debug|Any CPU
		{8AD66AFD-7C57-499F-B70A-65EFD61E0B78}.Ad-Hoc|x64.Build.0 = Debug|Any CPU
		{8AD66AFD-7C57-499F-B70A-65EFD61E0B78}.Ad-Hoc|x86.ActiveCfg = Debug|Any CPU
		{8AD66AFD-7C57-499F-B70A-65EFD61E0B78}.Ad-Hoc|x86.Build.0 = Debug|Any CPU
		{8AD66AFD-7C57-499F-B70A-65EFD61E0B78}.AppStore|Any CPU.ActiveCfg = Debug|Any CPU
		{8AD66AFD-7C57-499F-B70A-65EFD61E0B78}.AppStore|Any CPU.Build.0 = Debug|Any CPU
		{8AD66AFD-7C57-499F-B70A-65EFD61E0B78}.AppStore|ARM.ActiveCfg = Debug|Any CPU
		{8AD66AFD-7C57-499F-B70A-65EFD61E0B78}.AppStore|ARM.Build.0 = Debug|Any CPU
		{8AD66AFD-7C57-499F-B70A-65EFD61E0B78}.AppStore|ARM64.ActiveCfg = Release|Any CPU
		{8AD66AFD-7C57-499F-B70A-65EFD61E0B78}.AppStore|ARM64.Build.0 = Release|Any CPU
		{8AD66AFD-7C57-499F-B70A-65EFD61E0B78}.AppStore|iPhone.ActiveCfg = Debug|Any CPU
		{8AD66AFD-7C57-499F-B70A-65EFD61E0B78}.AppStore|iPhone.Build.0 = Debug|Any CPU
		{8AD66AFD-7C57-499F-B70A-65EFD61E0B78}.AppStore|iPhoneSimulator.ActiveCfg = Debug|Any CPU
		{8AD66AFD-7C57-499F-B70A-65EFD61E0B78}.AppStore|iPhoneSimulator.Build.0 = Debug|Any CPU
		{8AD66AFD-7C57-499F-B70A-65EFD61E0B78}.AppStore|x64.ActiveCfg = Debug|Any CPU
		{8AD66AFD-7C57-499F-B70A-65EFD61E0B78}.AppStore|x64.Build.0 = Debug|Any CPU
		{8AD66AFD-7C57-499F-B70A-65EFD61E0B78}.AppStore|x86.ActiveCfg = Debug|Any CPU
		{8AD66AFD-7C57-499F-B70A-65EFD61E0B78}.AppStore|x86.Build.0 = Debug|Any CPU
		{8AD66AFD-7C57-499F-B70A-65EFD61E0B78}.Debug|Any CPU.ActiveCfg = Debug|Any CPU
		{8AD66AFD-7C57-499F-B70A-65EFD61E0B78}.Debug|Any CPU.Build.0 = Debug|Any CPU
		{8AD66AFD-7C57-499F-B70A-65EFD61E0B78}.Debug|ARM.ActiveCfg = Debug|Any CPU
		{8AD66AFD-7C57-499F-B70A-65EFD61E0B78}.Debug|ARM.Build.0 = Debug|Any CPU
		{8AD66AFD-7C57-499F-B70A-65EFD61E0B78}.Debug|ARM64.ActiveCfg = Debug|Any CPU
		{8AD66AFD-7C57-499F-B70A-65EFD61E0B78}.Debug|ARM64.Build.0 = Debug|Any CPU
		{8AD66AFD-7C57-499F-B70A-65EFD61E0B78}.Debug|iPhone.ActiveCfg = Debug|Any CPU
		{8AD66AFD-7C57-499F-B70A-65EFD61E0B78}.Debug|iPhone.Build.0 = Debug|Any CPU
		{8AD66AFD-7C57-499F-B70A-65EFD61E0B78}.Debug|iPhoneSimulator.ActiveCfg = Debug|Any CPU
		{8AD66AFD-7C57-499F-B70A-65EFD61E0B78}.Debug|iPhoneSimulator.Build.0 = Debug|Any CPU
		{8AD66AFD-7C57-499F-B70A-65EFD61E0B78}.Debug|x64.ActiveCfg = Debug|Any CPU
		{8AD66AFD-7C57-499F-B70A-65EFD61E0B78}.Debug|x64.Build.0 = Debug|Any CPU
		{8AD66AFD-7C57-499F-B70A-65EFD61E0B78}.Debug|x86.ActiveCfg = Debug|Any CPU
		{8AD66AFD-7C57-499F-B70A-65EFD61E0B78}.Debug|x86.Build.0 = Debug|Any CPU
		{8AD66AFD-7C57-499F-B70A-65EFD61E0B78}.Release|Any CPU.ActiveCfg = Release|Any CPU
		{8AD66AFD-7C57-499F-B70A-65EFD61E0B78}.Release|Any CPU.Build.0 = Release|Any CPU
		{8AD66AFD-7C57-499F-B70A-65EFD61E0B78}.Release|ARM.ActiveCfg = Release|Any CPU
		{8AD66AFD-7C57-499F-B70A-65EFD61E0B78}.Release|ARM.Build.0 = Release|Any CPU
		{8AD66AFD-7C57-499F-B70A-65EFD61E0B78}.Release|ARM64.ActiveCfg = Release|Any CPU
		{8AD66AFD-7C57-499F-B70A-65EFD61E0B78}.Release|ARM64.Build.0 = Release|Any CPU
		{8AD66AFD-7C57-499F-B70A-65EFD61E0B78}.Release|iPhone.ActiveCfg = Release|Any CPU
		{8AD66AFD-7C57-499F-B70A-65EFD61E0B78}.Release|iPhone.Build.0 = Release|Any CPU
		{8AD66AFD-7C57-499F-B70A-65EFD61E0B78}.Release|iPhoneSimulator.ActiveCfg = Release|Any CPU
		{8AD66AFD-7C57-499F-B70A-65EFD61E0B78}.Release|iPhoneSimulator.Build.0 = Release|Any CPU
		{8AD66AFD-7C57-499F-B70A-65EFD61E0B78}.Release|x64.ActiveCfg = Release|Any CPU
		{8AD66AFD-7C57-499F-B70A-65EFD61E0B78}.Release|x64.Build.0 = Release|Any CPU
		{8AD66AFD-7C57-499F-B70A-65EFD61E0B78}.Release|x86.ActiveCfg = Release|Any CPU
		{8AD66AFD-7C57-499F-B70A-65EFD61E0B78}.Release|x86.Build.0 = Release|Any CPU
		{BB176A34-D0DB-4BFB-9A1D-EB8D6DE780E8}.Ad-Hoc|Any CPU.ActiveCfg = Release|Any CPU
		{BB176A34-D0DB-4BFB-9A1D-EB8D6DE780E8}.Ad-Hoc|Any CPU.Build.0 = Release|Any CPU
		{BB176A34-D0DB-4BFB-9A1D-EB8D6DE780E8}.Ad-Hoc|ARM.ActiveCfg = Release|Any CPU
		{BB176A34-D0DB-4BFB-9A1D-EB8D6DE780E8}.Ad-Hoc|ARM.Build.0 = Release|Any CPU
		{BB176A34-D0DB-4BFB-9A1D-EB8D6DE780E8}.Ad-Hoc|ARM64.ActiveCfg = Debug|Any CPU
		{BB176A34-D0DB-4BFB-9A1D-EB8D6DE780E8}.Ad-Hoc|iPhone.ActiveCfg = Release|Any CPU
		{BB176A34-D0DB-4BFB-9A1D-EB8D6DE780E8}.Ad-Hoc|iPhone.Build.0 = Release|Any CPU
		{BB176A34-D0DB-4BFB-9A1D-EB8D6DE780E8}.Ad-Hoc|iPhoneSimulator.ActiveCfg = Release|Any CPU
		{BB176A34-D0DB-4BFB-9A1D-EB8D6DE780E8}.Ad-Hoc|iPhoneSimulator.Build.0 = Release|Any CPU
		{BB176A34-D0DB-4BFB-9A1D-EB8D6DE780E8}.Ad-Hoc|x64.ActiveCfg = Release|Any CPU
		{BB176A34-D0DB-4BFB-9A1D-EB8D6DE780E8}.Ad-Hoc|x64.Build.0 = Release|Any CPU
		{BB176A34-D0DB-4BFB-9A1D-EB8D6DE780E8}.Ad-Hoc|x86.ActiveCfg = Release|Any CPU
		{BB176A34-D0DB-4BFB-9A1D-EB8D6DE780E8}.Ad-Hoc|x86.Build.0 = Release|Any CPU
		{BB176A34-D0DB-4BFB-9A1D-EB8D6DE780E8}.AppStore|Any CPU.ActiveCfg = Release|Any CPU
		{BB176A34-D0DB-4BFB-9A1D-EB8D6DE780E8}.AppStore|Any CPU.Build.0 = Release|Any CPU
		{BB176A34-D0DB-4BFB-9A1D-EB8D6DE780E8}.AppStore|ARM.ActiveCfg = Release|Any CPU
		{BB176A34-D0DB-4BFB-9A1D-EB8D6DE780E8}.AppStore|ARM.Build.0 = Release|Any CPU
		{BB176A34-D0DB-4BFB-9A1D-EB8D6DE780E8}.AppStore|ARM64.ActiveCfg = Debug|Any CPU
		{BB176A34-D0DB-4BFB-9A1D-EB8D6DE780E8}.AppStore|iPhone.ActiveCfg = Release|Any CPU
		{BB176A34-D0DB-4BFB-9A1D-EB8D6DE780E8}.AppStore|iPhone.Build.0 = Release|Any CPU
		{BB176A34-D0DB-4BFB-9A1D-EB8D6DE780E8}.AppStore|iPhoneSimulator.ActiveCfg = Release|Any CPU
		{BB176A34-D0DB-4BFB-9A1D-EB8D6DE780E8}.AppStore|iPhoneSimulator.Build.0 = Release|Any CPU
		{BB176A34-D0DB-4BFB-9A1D-EB8D6DE780E8}.AppStore|x64.ActiveCfg = Release|Any CPU
		{BB176A34-D0DB-4BFB-9A1D-EB8D6DE780E8}.AppStore|x64.Build.0 = Release|Any CPU
		{BB176A34-D0DB-4BFB-9A1D-EB8D6DE780E8}.AppStore|x86.ActiveCfg = Release|Any CPU
		{BB176A34-D0DB-4BFB-9A1D-EB8D6DE780E8}.AppStore|x86.Build.0 = Release|Any CPU
		{BB176A34-D0DB-4BFB-9A1D-EB8D6DE780E8}.Debug|Any CPU.ActiveCfg = Debug|Any CPU
		{BB176A34-D0DB-4BFB-9A1D-EB8D6DE780E8}.Debug|Any CPU.Build.0 = Debug|Any CPU
		{BB176A34-D0DB-4BFB-9A1D-EB8D6DE780E8}.Debug|ARM.ActiveCfg = Debug|Any CPU
		{BB176A34-D0DB-4BFB-9A1D-EB8D6DE780E8}.Debug|ARM.Build.0 = Debug|Any CPU
		{BB176A34-D0DB-4BFB-9A1D-EB8D6DE780E8}.Debug|ARM64.ActiveCfg = Debug|Any CPU
		{BB176A34-D0DB-4BFB-9A1D-EB8D6DE780E8}.Debug|iPhone.ActiveCfg = Debug|Any CPU
		{BB176A34-D0DB-4BFB-9A1D-EB8D6DE780E8}.Debug|iPhone.Build.0 = Debug|Any CPU
		{BB176A34-D0DB-4BFB-9A1D-EB8D6DE780E8}.Debug|iPhoneSimulator.ActiveCfg = Debug|Any CPU
		{BB176A34-D0DB-4BFB-9A1D-EB8D6DE780E8}.Debug|iPhoneSimulator.Build.0 = Debug|Any CPU
		{BB176A34-D0DB-4BFB-9A1D-EB8D6DE780E8}.Debug|x64.ActiveCfg = Debug|Any CPU
		{BB176A34-D0DB-4BFB-9A1D-EB8D6DE780E8}.Debug|x64.Build.0 = Debug|Any CPU
		{BB176A34-D0DB-4BFB-9A1D-EB8D6DE780E8}.Debug|x86.ActiveCfg = Debug|Any CPU
		{BB176A34-D0DB-4BFB-9A1D-EB8D6DE780E8}.Debug|x86.Build.0 = Debug|Any CPU
		{BB176A34-D0DB-4BFB-9A1D-EB8D6DE780E8}.Release|Any CPU.ActiveCfg = Release|Any CPU
		{BB176A34-D0DB-4BFB-9A1D-EB8D6DE780E8}.Release|Any CPU.Build.0 = Release|Any CPU
		{BB176A34-D0DB-4BFB-9A1D-EB8D6DE780E8}.Release|ARM.ActiveCfg = Release|Any CPU
		{BB176A34-D0DB-4BFB-9A1D-EB8D6DE780E8}.Release|ARM.Build.0 = Release|Any CPU
		{BB176A34-D0DB-4BFB-9A1D-EB8D6DE780E8}.Release|ARM64.ActiveCfg = Release|Any CPU
		{BB176A34-D0DB-4BFB-9A1D-EB8D6DE780E8}.Release|iPhone.ActiveCfg = Release|Any CPU
		{BB176A34-D0DB-4BFB-9A1D-EB8D6DE780E8}.Release|iPhone.Build.0 = Release|Any CPU
		{BB176A34-D0DB-4BFB-9A1D-EB8D6DE780E8}.Release|iPhoneSimulator.ActiveCfg = Release|Any CPU
		{BB176A34-D0DB-4BFB-9A1D-EB8D6DE780E8}.Release|iPhoneSimulator.Build.0 = Release|Any CPU
		{BB176A34-D0DB-4BFB-9A1D-EB8D6DE780E8}.Release|x64.ActiveCfg = Release|Any CPU
		{BB176A34-D0DB-4BFB-9A1D-EB8D6DE780E8}.Release|x64.Build.0 = Release|Any CPU
		{BB176A34-D0DB-4BFB-9A1D-EB8D6DE780E8}.Release|x86.ActiveCfg = Release|Any CPU
		{BB176A34-D0DB-4BFB-9A1D-EB8D6DE780E8}.Release|x86.Build.0 = Release|Any CPU
		{97BD09C8-E5A1-40D2-8CDE-08D0807B7EA4}.Ad-Hoc|Any CPU.ActiveCfg = Release|x64
		{97BD09C8-E5A1-40D2-8CDE-08D0807B7EA4}.Ad-Hoc|Any CPU.Build.0 = Release|x64
		{97BD09C8-E5A1-40D2-8CDE-08D0807B7EA4}.Ad-Hoc|Any CPU.Deploy.0 = Release|x64
		{97BD09C8-E5A1-40D2-8CDE-08D0807B7EA4}.Ad-Hoc|ARM.ActiveCfg = Release|ARM
		{97BD09C8-E5A1-40D2-8CDE-08D0807B7EA4}.Ad-Hoc|ARM.Build.0 = Release|ARM
		{97BD09C8-E5A1-40D2-8CDE-08D0807B7EA4}.Ad-Hoc|ARM.Deploy.0 = Release|ARM
		{97BD09C8-E5A1-40D2-8CDE-08D0807B7EA4}.Ad-Hoc|ARM64.ActiveCfg = Release|ARM64
		{97BD09C8-E5A1-40D2-8CDE-08D0807B7EA4}.Ad-Hoc|ARM64.Build.0 = Release|ARM64
		{97BD09C8-E5A1-40D2-8CDE-08D0807B7EA4}.Ad-Hoc|ARM64.Deploy.0 = Release|ARM64
		{97BD09C8-E5A1-40D2-8CDE-08D0807B7EA4}.Ad-Hoc|iPhone.ActiveCfg = Release|x64
		{97BD09C8-E5A1-40D2-8CDE-08D0807B7EA4}.Ad-Hoc|iPhone.Build.0 = Release|x64
		{97BD09C8-E5A1-40D2-8CDE-08D0807B7EA4}.Ad-Hoc|iPhone.Deploy.0 = Release|x64
		{97BD09C8-E5A1-40D2-8CDE-08D0807B7EA4}.Ad-Hoc|iPhoneSimulator.ActiveCfg = Release|x64
		{97BD09C8-E5A1-40D2-8CDE-08D0807B7EA4}.Ad-Hoc|iPhoneSimulator.Build.0 = Release|x64
		{97BD09C8-E5A1-40D2-8CDE-08D0807B7EA4}.Ad-Hoc|iPhoneSimulator.Deploy.0 = Release|x64
		{97BD09C8-E5A1-40D2-8CDE-08D0807B7EA4}.Ad-Hoc|x64.ActiveCfg = Release|x64
		{97BD09C8-E5A1-40D2-8CDE-08D0807B7EA4}.Ad-Hoc|x64.Build.0 = Release|x64
		{97BD09C8-E5A1-40D2-8CDE-08D0807B7EA4}.Ad-Hoc|x64.Deploy.0 = Release|x64
		{97BD09C8-E5A1-40D2-8CDE-08D0807B7EA4}.Ad-Hoc|x86.ActiveCfg = Release|x86
		{97BD09C8-E5A1-40D2-8CDE-08D0807B7EA4}.Ad-Hoc|x86.Build.0 = Release|x86
		{97BD09C8-E5A1-40D2-8CDE-08D0807B7EA4}.Ad-Hoc|x86.Deploy.0 = Release|x86
		{97BD09C8-E5A1-40D2-8CDE-08D0807B7EA4}.AppStore|Any CPU.ActiveCfg = Release|x64
		{97BD09C8-E5A1-40D2-8CDE-08D0807B7EA4}.AppStore|Any CPU.Build.0 = Release|x64
		{97BD09C8-E5A1-40D2-8CDE-08D0807B7EA4}.AppStore|Any CPU.Deploy.0 = Release|x64
		{97BD09C8-E5A1-40D2-8CDE-08D0807B7EA4}.AppStore|ARM.ActiveCfg = Release|ARM
		{97BD09C8-E5A1-40D2-8CDE-08D0807B7EA4}.AppStore|ARM.Build.0 = Release|ARM
		{97BD09C8-E5A1-40D2-8CDE-08D0807B7EA4}.AppStore|ARM.Deploy.0 = Release|ARM
		{97BD09C8-E5A1-40D2-8CDE-08D0807B7EA4}.AppStore|ARM64.ActiveCfg = Release|ARM64
		{97BD09C8-E5A1-40D2-8CDE-08D0807B7EA4}.AppStore|ARM64.Build.0 = Release|ARM64
		{97BD09C8-E5A1-40D2-8CDE-08D0807B7EA4}.AppStore|ARM64.Deploy.0 = Release|ARM64
		{97BD09C8-E5A1-40D2-8CDE-08D0807B7EA4}.AppStore|iPhone.ActiveCfg = Release|x64
		{97BD09C8-E5A1-40D2-8CDE-08D0807B7EA4}.AppStore|iPhone.Build.0 = Release|x64
		{97BD09C8-E5A1-40D2-8CDE-08D0807B7EA4}.AppStore|iPhone.Deploy.0 = Release|x64
		{97BD09C8-E5A1-40D2-8CDE-08D0807B7EA4}.AppStore|iPhoneSimulator.ActiveCfg = Release|x64
		{97BD09C8-E5A1-40D2-8CDE-08D0807B7EA4}.AppStore|iPhoneSimulator.Build.0 = Release|x64
		{97BD09C8-E5A1-40D2-8CDE-08D0807B7EA4}.AppStore|iPhoneSimulator.Deploy.0 = Release|x64
		{97BD09C8-E5A1-40D2-8CDE-08D0807B7EA4}.AppStore|x64.ActiveCfg = Release|x64
		{97BD09C8-E5A1-40D2-8CDE-08D0807B7EA4}.AppStore|x64.Build.0 = Release|x64
		{97BD09C8-E5A1-40D2-8CDE-08D0807B7EA4}.AppStore|x64.Deploy.0 = Release|x64
		{97BD09C8-E5A1-40D2-8CDE-08D0807B7EA4}.AppStore|x86.ActiveCfg = Release|x86
		{97BD09C8-E5A1-40D2-8CDE-08D0807B7EA4}.AppStore|x86.Build.0 = Release|x86
		{97BD09C8-E5A1-40D2-8CDE-08D0807B7EA4}.AppStore|x86.Deploy.0 = Release|x86
		{97BD09C8-E5A1-40D2-8CDE-08D0807B7EA4}.Debug|Any CPU.ActiveCfg = Debug|x86
		{97BD09C8-E5A1-40D2-8CDE-08D0807B7EA4}.Debug|ARM.ActiveCfg = Debug|ARM
		{97BD09C8-E5A1-40D2-8CDE-08D0807B7EA4}.Debug|ARM.Build.0 = Debug|ARM
		{97BD09C8-E5A1-40D2-8CDE-08D0807B7EA4}.Debug|ARM.Deploy.0 = Debug|ARM
		{97BD09C8-E5A1-40D2-8CDE-08D0807B7EA4}.Debug|ARM64.ActiveCfg = Debug|ARM64
		{97BD09C8-E5A1-40D2-8CDE-08D0807B7EA4}.Debug|ARM64.Build.0 = Debug|ARM64
		{97BD09C8-E5A1-40D2-8CDE-08D0807B7EA4}.Debug|ARM64.Deploy.0 = Debug|ARM64
		{97BD09C8-E5A1-40D2-8CDE-08D0807B7EA4}.Debug|iPhone.ActiveCfg = Debug|x86
		{97BD09C8-E5A1-40D2-8CDE-08D0807B7EA4}.Debug|iPhoneSimulator.ActiveCfg = Debug|x86
		{97BD09C8-E5A1-40D2-8CDE-08D0807B7EA4}.Debug|x64.ActiveCfg = Debug|x64
		{97BD09C8-E5A1-40D2-8CDE-08D0807B7EA4}.Debug|x64.Build.0 = Debug|x64
		{97BD09C8-E5A1-40D2-8CDE-08D0807B7EA4}.Debug|x64.Deploy.0 = Debug|x64
		{97BD09C8-E5A1-40D2-8CDE-08D0807B7EA4}.Debug|x86.ActiveCfg = Debug|x86
		{97BD09C8-E5A1-40D2-8CDE-08D0807B7EA4}.Debug|x86.Build.0 = Debug|x86
		{97BD09C8-E5A1-40D2-8CDE-08D0807B7EA4}.Debug|x86.Deploy.0 = Debug|x86
		{97BD09C8-E5A1-40D2-8CDE-08D0807B7EA4}.Release|Any CPU.ActiveCfg = Release|x86
		{97BD09C8-E5A1-40D2-8CDE-08D0807B7EA4}.Release|ARM.ActiveCfg = Release|ARM
		{97BD09C8-E5A1-40D2-8CDE-08D0807B7EA4}.Release|ARM.Build.0 = Release|ARM
		{97BD09C8-E5A1-40D2-8CDE-08D0807B7EA4}.Release|ARM.Deploy.0 = Release|ARM
		{97BD09C8-E5A1-40D2-8CDE-08D0807B7EA4}.Release|ARM64.ActiveCfg = Release|ARM64
		{97BD09C8-E5A1-40D2-8CDE-08D0807B7EA4}.Release|ARM64.Build.0 = Release|ARM64
		{97BD09C8-E5A1-40D2-8CDE-08D0807B7EA4}.Release|ARM64.Deploy.0 = Release|ARM64
		{97BD09C8-E5A1-40D2-8CDE-08D0807B7EA4}.Release|iPhone.ActiveCfg = Release|x86
		{97BD09C8-E5A1-40D2-8CDE-08D0807B7EA4}.Release|iPhoneSimulator.ActiveCfg = Release|x86
		{97BD09C8-E5A1-40D2-8CDE-08D0807B7EA4}.Release|x64.ActiveCfg = Release|x64
		{97BD09C8-E5A1-40D2-8CDE-08D0807B7EA4}.Release|x64.Build.0 = Release|x64
		{97BD09C8-E5A1-40D2-8CDE-08D0807B7EA4}.Release|x64.Deploy.0 = Release|x64
		{97BD09C8-E5A1-40D2-8CDE-08D0807B7EA4}.Release|x86.ActiveCfg = Release|x86
		{97BD09C8-E5A1-40D2-8CDE-08D0807B7EA4}.Release|x86.Build.0 = Release|x86
		{97BD09C8-E5A1-40D2-8CDE-08D0807B7EA4}.Release|x86.Deploy.0 = Release|x86
		{66E598BF-A879-4F12-AC69-B82D576D487B}.Ad-Hoc|Any CPU.ActiveCfg = Release|Any CPU
		{66E598BF-A879-4F12-AC69-B82D576D487B}.Ad-Hoc|Any CPU.Build.0 = Release|Any CPU
		{66E598BF-A879-4F12-AC69-B82D576D487B}.Ad-Hoc|ARM.ActiveCfg = Release|Any CPU
		{66E598BF-A879-4F12-AC69-B82D576D487B}.Ad-Hoc|ARM.Build.0 = Release|Any CPU
		{66E598BF-A879-4F12-AC69-B82D576D487B}.Ad-Hoc|ARM64.ActiveCfg = Release|Any CPU
		{66E598BF-A879-4F12-AC69-B82D576D487B}.Ad-Hoc|ARM64.Build.0 = Release|Any CPU
		{66E598BF-A879-4F12-AC69-B82D576D487B}.Ad-Hoc|iPhone.ActiveCfg = Release|Any CPU
		{66E598BF-A879-4F12-AC69-B82D576D487B}.Ad-Hoc|iPhone.Build.0 = Release|Any CPU
		{66E598BF-A879-4F12-AC69-B82D576D487B}.Ad-Hoc|iPhoneSimulator.ActiveCfg = Release|Any CPU
		{66E598BF-A879-4F12-AC69-B82D576D487B}.Ad-Hoc|iPhoneSimulator.Build.0 = Release|Any CPU
		{66E598BF-A879-4F12-AC69-B82D576D487B}.Ad-Hoc|x64.ActiveCfg = Release|Any CPU
		{66E598BF-A879-4F12-AC69-B82D576D487B}.Ad-Hoc|x64.Build.0 = Release|Any CPU
		{66E598BF-A879-4F12-AC69-B82D576D487B}.Ad-Hoc|x86.ActiveCfg = Release|Any CPU
		{66E598BF-A879-4F12-AC69-B82D576D487B}.Ad-Hoc|x86.Build.0 = Release|Any CPU
		{66E598BF-A879-4F12-AC69-B82D576D487B}.AppStore|Any CPU.ActiveCfg = Release|Any CPU
		{66E598BF-A879-4F12-AC69-B82D576D487B}.AppStore|Any CPU.Build.0 = Release|Any CPU
		{66E598BF-A879-4F12-AC69-B82D576D487B}.AppStore|ARM.ActiveCfg = Release|Any CPU
		{66E598BF-A879-4F12-AC69-B82D576D487B}.AppStore|ARM.Build.0 = Release|Any CPU
		{66E598BF-A879-4F12-AC69-B82D576D487B}.AppStore|ARM64.ActiveCfg = Release|Any CPU
		{66E598BF-A879-4F12-AC69-B82D576D487B}.AppStore|ARM64.Build.0 = Release|Any CPU
		{66E598BF-A879-4F12-AC69-B82D576D487B}.AppStore|iPhone.ActiveCfg = Release|Any CPU
		{66E598BF-A879-4F12-AC69-B82D576D487B}.AppStore|iPhone.Build.0 = Release|Any CPU
		{66E598BF-A879-4F12-AC69-B82D576D487B}.AppStore|iPhoneSimulator.ActiveCfg = Release|Any CPU
		{66E598BF-A879-4F12-AC69-B82D576D487B}.AppStore|iPhoneSimulator.Build.0 = Release|Any CPU
		{66E598BF-A879-4F12-AC69-B82D576D487B}.AppStore|x64.ActiveCfg = Release|Any CPU
		{66E598BF-A879-4F12-AC69-B82D576D487B}.AppStore|x64.Build.0 = Release|Any CPU
		{66E598BF-A879-4F12-AC69-B82D576D487B}.AppStore|x86.ActiveCfg = Release|Any CPU
		{66E598BF-A879-4F12-AC69-B82D576D487B}.AppStore|x86.Build.0 = Release|Any CPU
		{66E598BF-A879-4F12-AC69-B82D576D487B}.Debug|Any CPU.ActiveCfg = Debug|Any CPU
		{66E598BF-A879-4F12-AC69-B82D576D487B}.Debug|Any CPU.Build.0 = Debug|Any CPU
		{66E598BF-A879-4F12-AC69-B82D576D487B}.Debug|ARM.ActiveCfg = Debug|Any CPU
		{66E598BF-A879-4F12-AC69-B82D576D487B}.Debug|ARM.Build.0 = Debug|Any CPU
		{66E598BF-A879-4F12-AC69-B82D576D487B}.Debug|ARM64.ActiveCfg = Debug|Any CPU
		{66E598BF-A879-4F12-AC69-B82D576D487B}.Debug|ARM64.Build.0 = Debug|Any CPU
		{66E598BF-A879-4F12-AC69-B82D576D487B}.Debug|iPhone.ActiveCfg = Debug|Any CPU
		{66E598BF-A879-4F12-AC69-B82D576D487B}.Debug|iPhone.Build.0 = Debug|Any CPU
		{66E598BF-A879-4F12-AC69-B82D576D487B}.Debug|iPhoneSimulator.ActiveCfg = Debug|Any CPU
		{66E598BF-A879-4F12-AC69-B82D576D487B}.Debug|iPhoneSimulator.Build.0 = Debug|Any CPU
		{66E598BF-A879-4F12-AC69-B82D576D487B}.Debug|x64.ActiveCfg = Debug|Any CPU
		{66E598BF-A879-4F12-AC69-B82D576D487B}.Debug|x64.Build.0 = Debug|Any CPU
		{66E598BF-A879-4F12-AC69-B82D576D487B}.Debug|x86.ActiveCfg = Debug|Any CPU
		{66E598BF-A879-4F12-AC69-B82D576D487B}.Debug|x86.Build.0 = Debug|Any CPU
		{66E598BF-A879-4F12-AC69-B82D576D487B}.Release|Any CPU.ActiveCfg = Release|Any CPU
		{66E598BF-A879-4F12-AC69-B82D576D487B}.Release|Any CPU.Build.0 = Release|Any CPU
		{66E598BF-A879-4F12-AC69-B82D576D487B}.Release|ARM.ActiveCfg = Release|Any CPU
		{66E598BF-A879-4F12-AC69-B82D576D487B}.Release|ARM.Build.0 = Release|Any CPU
		{66E598BF-A879-4F12-AC69-B82D576D487B}.Release|ARM64.ActiveCfg = Release|Any CPU
		{66E598BF-A879-4F12-AC69-B82D576D487B}.Release|ARM64.Build.0 = Release|Any CPU
		{66E598BF-A879-4F12-AC69-B82D576D487B}.Release|iPhone.ActiveCfg = Release|Any CPU
		{66E598BF-A879-4F12-AC69-B82D576D487B}.Release|iPhone.Build.0 = Release|Any CPU
		{66E598BF-A879-4F12-AC69-B82D576D487B}.Release|iPhoneSimulator.ActiveCfg = Release|Any CPU
		{66E598BF-A879-4F12-AC69-B82D576D487B}.Release|iPhoneSimulator.Build.0 = Release|Any CPU
		{66E598BF-A879-4F12-AC69-B82D576D487B}.Release|x64.ActiveCfg = Release|Any CPU
		{66E598BF-A879-4F12-AC69-B82D576D487B}.Release|x64.Build.0 = Release|Any CPU
		{66E598BF-A879-4F12-AC69-B82D576D487B}.Release|x86.ActiveCfg = Release|Any CPU
		{66E598BF-A879-4F12-AC69-B82D576D487B}.Release|x86.Build.0 = Release|Any CPU
	EndGlobalSection
	GlobalSection(SolutionProperties) = preSolution
		HideSolutionNode = FALSE
	EndGlobalSection
	GlobalSection(ExtensibilityGlobals) = postSolution
		SolutionGuid = {F6D05029-56B8-4E45-AF2D-0E76295DDBA2}
	EndGlobalSection
EndGlobal
